// !$*UTF8*$!
{
	archiveVersion = 1;
	classes = {
	};
	objectVersion = 56;
	objects = {

/* Begin PBXBuildFile section */
		2B30E9A02A1B14F700A2B402 /* App.swift in Sources */ = {isa = PBXBuildFile; fileRef = 2B30E99F2A1B14F700A2B402 /* App.swift */; };
		2B30E9A22A1B14F700A2B402 /* AppContent.swift in Sources */ = {isa = PBXBuildFile; fileRef = 2B30E9A12A1B14F700A2B402 /* AppContent.swift */; };
		2B30E9A42A1B14F800A2B402 /* Assets.xcassets in Resources */ = {isa = PBXBuildFile; fileRef = 2B30E9A32A1B14F800A2B402 /* Assets.xcassets */; };
		2B30E9A82A1B14F800A2B402 /* Preview Assets.xcassets in Resources */ = {isa = PBXBuildFile; fileRef = 2B30E9A72A1B14F800A2B402 /* Preview Assets.xcassets */; };
		2B30E9B42A1B171D00A2B402 /* OrzNFC+NDEF.swift in Sources */ = {isa = PBXBuildFile; fileRef = 2B30E9B02A1B171D00A2B402 /* OrzNFC+NDEF.swift */; };
		2B30E9B52A1B171D00A2B402 /* OrzNFC+Tags.swift in Sources */ = {isa = PBXBuildFile; fileRef = 2B30E9B12A1B171D00A2B402 /* OrzNFC+Tags.swift */; };
		2B30E9B62A1B171D00A2B402 /* OrzNFC.swift in Sources */ = {isa = PBXBuildFile; fileRef = 2B30E9B22A1B171D00A2B402 /* OrzNFC.swift */; };
		2B30E9B72A1B171D00A2B402 /* OrzNFC+Constants.swift in Sources */ = {isa = PBXBuildFile; fileRef = 2B30E9B32A1B171D00A2B402 /* OrzNFC+Constants.swift */; };
		2B30E9C82A1B177B00A2B402 /* OrzNFCReader.swift in Sources */ = {isa = PBXBuildFile; fileRef = 2B30E9C42A1B177B00A2B402 /* OrzNFCReader.swift */; };
		2B30E9C92A1B177B00A2B402 /* ACRError.swift in Sources */ = {isa = PBXBuildFile; fileRef = 2B30E9C52A1B177B00A2B402 /* ACRError.swift */; };
		2B30E9CA2A1B177B00A2B402 /* ACR122UA9.swift in Sources */ = {isa = PBXBuildFile; fileRef = 2B30E9C62A1B177B00A2B402 /* ACR122UA9.swift */; };
		2B30E9CB2A1B177B00A2B402 /* Data+Representation.swift in Sources */ = {isa = PBXBuildFile; fileRef = 2B30E9C72A1B177B00A2B402 /* Data+Representation.swift */; };
		2B30E9D02A1B28DE00A2B402 /* AppDelegate.swift in Sources */ = {isa = PBXBuildFile; fileRef = 2B30E9CF2A1B28DE00A2B402 /* AppDelegate.swift */; };
		2B30E9D22A1B2AAE00A2B402 /* AppModel.swift in Sources */ = {isa = PBXBuildFile; fileRef = 2B30E9D12A1B2AAE00A2B402 /* AppModel.swift */; };
		2B7981802A206FA200DF795A /* NDEFView.swift in Sources */ = {isa = PBXBuildFile; fileRef = 2B79817F2A206FA200DF795A /* NDEFView.swift */; };
		2B7981822A206FAF00DF795A /* OtherTagView.swift in Sources */ = {isa = PBXBuildFile; fileRef = 2B7981812A206FAF00DF795A /* OtherTagView.swift */; };
		2B7981842A2070BF00DF795A /* NFCUnavailableView.swift in Sources */ = {isa = PBXBuildFile; fileRef = 2B7981832A2070BF00DF795A /* NFCUnavailableView.swift */; };
		2B7981862A20716100DF795A /* NFCAvailableView.swift in Sources */ = {isa = PBXBuildFile; fileRef = 2B7981852A20716100DF795A /* NFCAvailableView.swift */; };
/* End PBXBuildFile section */

/* Begin PBXCopyFilesBuildPhase section */
		2B30E9BA2A1B175200A2B402 /* CopyFiles */ = {
			isa = PBXCopyFilesBuildPhase;
			buildActionMask = 2147483647;
			dstPath = /usr/share/man/man1/;
			dstSubfolderSpec = 0;
			files = (
			);
			runOnlyForDeploymentPostprocessing = 1;
		};
/* End PBXCopyFilesBuildPhase section */

/* Begin PBXFileReference section */
		2B30E99C2A1B14F700A2B402 /* OrzNFC.app */ = {isa = PBXFileReference; explicitFileType = wrapper.application; includeInIndex = 0; path = OrzNFC.app; sourceTree = BUILT_PRODUCTS_DIR; };
		2B30E99F2A1B14F700A2B402 /* App.swift */ = {isa = PBXFileReference; lastKnownFileType = sourcecode.swift; path = App.swift; sourceTree = "<group>"; };
		2B30E9A12A1B14F700A2B402 /* AppContent.swift */ = {isa = PBXFileReference; lastKnownFileType = sourcecode.swift; path = AppContent.swift; sourceTree = "<group>"; };
		2B30E9A32A1B14F800A2B402 /* Assets.xcassets */ = {isa = PBXFileReference; lastKnownFileType = folder.assetcatalog; path = Assets.xcassets; sourceTree = "<group>"; };
		2B30E9A52A1B14F800A2B402 /* OrzNFC.entitlements */ = {isa = PBXFileReference; lastKnownFileType = text.plist.entitlements; path = OrzNFC.entitlements; sourceTree = "<group>"; };
		2B30E9A72A1B14F800A2B402 /* Preview Assets.xcassets */ = {isa = PBXFileReference; lastKnownFileType = folder.assetcatalog; path = "Preview Assets.xcassets"; sourceTree = "<group>"; };
		2B30E9AE2A1B170900A2B402 /* README.md */ = {isa = PBXFileReference; lastKnownFileType = net.daringfireball.markdown; path = README.md; sourceTree = "<group>"; };
		2B30E9B02A1B171D00A2B402 /* OrzNFC+NDEF.swift */ = {isa = PBXFileReference; fileEncoding = 4; lastKnownFileType = sourcecode.swift; path = "OrzNFC+NDEF.swift"; sourceTree = "<group>"; };
		2B30E9B12A1B171D00A2B402 /* OrzNFC+Tags.swift */ = {isa = PBXFileReference; fileEncoding = 4; lastKnownFileType = sourcecode.swift; path = "OrzNFC+Tags.swift"; sourceTree = "<group>"; };
		2B30E9B22A1B171D00A2B402 /* OrzNFC.swift */ = {isa = PBXFileReference; fileEncoding = 4; lastKnownFileType = sourcecode.swift; path = OrzNFC.swift; sourceTree = "<group>"; };
		2B30E9B32A1B171D00A2B402 /* OrzNFC+Constants.swift */ = {isa = PBXFileReference; fileEncoding = 4; lastKnownFileType = sourcecode.swift; path = "OrzNFC+Constants.swift"; sourceTree = "<group>"; };
		2B30E9BC2A1B175200A2B402 /* OrzNFCReader */ = {isa = PBXFileReference; explicitFileType = "compiled.mach-o.executable"; includeInIndex = 0; path = OrzNFCReader; sourceTree = BUILT_PRODUCTS_DIR; };
		2B30E9C32A1B177B00A2B402 /* OrzNFCReader.entitlements */ = {isa = PBXFileReference; fileEncoding = 4; lastKnownFileType = text.plist.entitlements; path = OrzNFCReader.entitlements; sourceTree = "<group>"; };
		2B30E9C42A1B177B00A2B402 /* OrzNFCReader.swift */ = {isa = PBXFileReference; fileEncoding = 4; lastKnownFileType = sourcecode.swift; path = OrzNFCReader.swift; sourceTree = "<group>"; };
		2B30E9C52A1B177B00A2B402 /* ACRError.swift */ = {isa = PBXFileReference; fileEncoding = 4; lastKnownFileType = sourcecode.swift; path = ACRError.swift; sourceTree = "<group>"; };
		2B30E9C62A1B177B00A2B402 /* ACR122UA9.swift */ = {isa = PBXFileReference; fileEncoding = 4; lastKnownFileType = sourcecode.swift; path = ACR122UA9.swift; sourceTree = "<group>"; };
		2B30E9C72A1B177B00A2B402 /* Data+Representation.swift */ = {isa = PBXFileReference; fileEncoding = 4; lastKnownFileType = sourcecode.swift; path = "Data+Representation.swift"; sourceTree = "<group>"; };
		2B30E9CF2A1B28DE00A2B402 /* AppDelegate.swift */ = {isa = PBXFileReference; fileEncoding = 4; lastKnownFileType = sourcecode.swift; path = AppDelegate.swift; sourceTree = "<group>"; };
		2B30E9D12A1B2AAE00A2B402 /* AppModel.swift */ = {isa = PBXFileReference; lastKnownFileType = sourcecode.swift; path = AppModel.swift; sourceTree = "<group>"; };
		2B79817F2A206FA200DF795A /* NDEFView.swift */ = {isa = PBXFileReference; lastKnownFileType = sourcecode.swift; path = NDEFView.swift; sourceTree = "<group>"; };
		2B7981812A206FAF00DF795A /* OtherTagView.swift */ = {isa = PBXFileReference; lastKnownFileType = sourcecode.swift; path = OtherTagView.swift; sourceTree = "<group>"; };
		2B7981832A2070BF00DF795A /* NFCUnavailableView.swift */ = {isa = PBXFileReference; lastKnownFileType = sourcecode.swift; path = NFCUnavailableView.swift; sourceTree = "<group>"; };
		2B7981852A20716100DF795A /* NFCAvailableView.swift */ = {isa = PBXFileReference; lastKnownFileType = sourcecode.swift; path = NFCAvailableView.swift; sourceTree = "<group>"; };
/* End PBXFileReference section */

/* Begin PBXFrameworksBuildPhase section */
		2B30E9992A1B14F700A2B402 /* Frameworks */ = {
			isa = PBXFrameworksBuildPhase;
			buildActionMask = 2147483647;
			files = (
			);
			runOnlyForDeploymentPostprocessing = 0;
		};
		2B30E9B92A1B175200A2B402 /* Frameworks */ = {
			isa = PBXFrameworksBuildPhase;
			buildActionMask = 2147483647;
			files = (
			);
			runOnlyForDeploymentPostprocessing = 0;
		};
/* End PBXFrameworksBuildPhase section */

/* Begin PBXGroup section */
		2B30E9932A1B14F700A2B402 = {
			isa = PBXGroup;
			children = (
				2B30E9AE2A1B170900A2B402 /* README.md */,
				2B30E99E2A1B14F700A2B402 /* OrzNFC */,
				2B30E9BD2A1B175200A2B402 /* OrzNFCReader */,
				2B30E99D2A1B14F700A2B402 /* Products */,
			);
			sourceTree = "<group>";
		};
		2B30E99D2A1B14F700A2B402 /* Products */ = {
			isa = PBXGroup;
			children = (
				2B30E99C2A1B14F700A2B402 /* OrzNFC.app */,
				2B30E9BC2A1B175200A2B402 /* OrzNFCReader */,
			);
			name = Products;
			sourceTree = "<group>";
		};
		2B30E99E2A1B14F700A2B402 /* OrzNFC */ = {
			isa = PBXGroup;
			children = (
				2B30E9CE2A1B187C00A2B402 /* App */,
				2B30E9AF2A1B171D00A2B402 /* CoreNFC */,
				2B30E9A62A1B14F800A2B402 /* Preview Content */,
			);
			path = OrzNFC;
			sourceTree = "<group>";
		};
		2B30E9A62A1B14F800A2B402 /* Preview Content */ = {
			isa = PBXGroup;
			children = (
				2B30E9A72A1B14F800A2B402 /* Preview Assets.xcassets */,
			);
			path = "Preview Content";
			sourceTree = "<group>";
		};
		2B30E9AF2A1B171D00A2B402 /* CoreNFC */ = {
			isa = PBXGroup;
			children = (
				2B30E9B02A1B171D00A2B402 /* OrzNFC+NDEF.swift */,
				2B30E9B12A1B171D00A2B402 /* OrzNFC+Tags.swift */,
				2B30E9B22A1B171D00A2B402 /* OrzNFC.swift */,
				2B30E9B32A1B171D00A2B402 /* OrzNFC+Constants.swift */,
			);
			path = CoreNFC;
			sourceTree = "<group>";
		};
		2B30E9BD2A1B175200A2B402 /* OrzNFCReader */ = {
			isa = PBXGroup;
			children = (
				2B30E9CC2A1B185F00A2B402 /* App */,
				2B30E9CD2A1B186500A2B402 /* Utils */,
			);
			path = OrzNFCReader;
			sourceTree = "<group>";
		};
		2B30E9CC2A1B185F00A2B402 /* App */ = {
			isa = PBXGroup;
			children = (
				2B30E9C32A1B177B00A2B402 /* OrzNFCReader.entitlements */,
				2B30E9C42A1B177B00A2B402 /* OrzNFCReader.swift */,
			);
			path = App;
			sourceTree = "<group>";
		};
		2B30E9CD2A1B186500A2B402 /* Utils */ = {
			isa = PBXGroup;
			children = (
				2B30E9C62A1B177B00A2B402 /* ACR122UA9.swift */,
				2B30E9C52A1B177B00A2B402 /* ACRError.swift */,
				2B30E9C72A1B177B00A2B402 /* Data+Representation.swift */,
			);
			path = Utils;
			sourceTree = "<group>";
		};
		2B30E9CE2A1B187C00A2B402 /* App */ = {
			isa = PBXGroup;
			children = (
				2B30E99F2A1B14F700A2B402 /* App.swift */,
				2B30E9A12A1B14F700A2B402 /* AppContent.swift */,
				2B30E9CF2A1B28DE00A2B402 /* AppDelegate.swift */,
				2B30E9D12A1B2AAE00A2B402 /* AppModel.swift */,
				2B30E9A32A1B14F800A2B402 /* Assets.xcassets */,
				2B30E9A52A1B14F800A2B402 /* OrzNFC.entitlements */,
				2B79817E2A206F8200DF795A /* Views */,
			);
			path = App;
			sourceTree = "<group>";
		};
		2B79817E2A206F8200DF795A /* Views */ = {
			isa = PBXGroup;
			children = (
				2B7981852A20716100DF795A /* NFCAvailableView.swift */,
				2B7981832A2070BF00DF795A /* NFCUnavailableView.swift */,
				2B7981872A2077FF00DF795A /* Pages */,
			);
			path = Views;
			sourceTree = "<group>";
		};
		2B7981872A2077FF00DF795A /* Pages */ = {
			isa = PBXGroup;
			children = (
				2B79817F2A206FA200DF795A /* NDEFView.swift */,
				2B7981812A206FAF00DF795A /* OtherTagView.swift */,
			);
			path = Pages;
			sourceTree = "<group>";
		};
/* End PBXGroup section */

/* Begin PBXNativeTarget section */
		2B30E99B2A1B14F700A2B402 /* OrzNFC */ = {
			isa = PBXNativeTarget;
			buildConfigurationList = 2B30E9AB2A1B14F800A2B402 /* Build configuration list for PBXNativeTarget "OrzNFC" */;
			buildPhases = (
				2B30E9982A1B14F700A2B402 /* Sources */,
				2B30E9992A1B14F700A2B402 /* Frameworks */,
				2B30E99A2A1B14F700A2B402 /* Resources */,
			);
			buildRules = (
			);
			dependencies = (
				2B79818C2A20791300DF795A /* PBXTargetDependency */,
			);
			name = OrzNFC;
			productName = OrzNFC;
			productReference = 2B30E99C2A1B14F700A2B402 /* OrzNFC.app */;
			productType = "com.apple.product-type.application";
		};
		2B30E9BB2A1B175200A2B402 /* OrzNFCReader */ = {
			isa = PBXNativeTarget;
			buildConfigurationList = 2B30E9C02A1B175200A2B402 /* Build configuration list for PBXNativeTarget "OrzNFCReader" */;
			buildPhases = (
				2B30E9B82A1B175200A2B402 /* Sources */,
				2B30E9B92A1B175200A2B402 /* Frameworks */,
				2B30E9BA2A1B175200A2B402 /* CopyFiles */,
			);
			buildRules = (
			);
			dependencies = (
				2B7981892A20781E00DF795A /* PBXTargetDependency */,
			);
			name = OrzNFCReader;
			productName = OrzNFCReader;
			productReference = 2B30E9BC2A1B175200A2B402 /* OrzNFCReader */;
			productType = "com.apple.product-type.tool";
		};
/* End PBXNativeTarget section */

/* Begin PBXProject section */
		2B30E9942A1B14F700A2B402 /* Project object */ = {
			isa = PBXProject;
			attributes = {
				BuildIndependentTargetsInParallel = 1;
				LastSwiftUpdateCheck = 1420;
				LastUpgradeCheck = 1430;
				TargetAttributes = {
					2B30E99B2A1B14F700A2B402 = {
						CreatedOnToolsVersion = 14.2;
					};
					2B30E9BB2A1B175200A2B402 = {
						CreatedOnToolsVersion = 14.2;
					};
				};
			};
			buildConfigurationList = 2B30E9972A1B14F700A2B402 /* Build configuration list for PBXProject "OrzNFC" */;
			compatibilityVersion = "Xcode 14.0";
			developmentRegion = en;
			hasScannedForEncodings = 0;
			knownRegions = (
				en,
				Base,
			);
			mainGroup = 2B30E9932A1B14F700A2B402;
			packageReferences = (
				2B79817D2A205A9000DF795A /* XCRemoteSwiftPackageReference "OrzSwiftLint" */,
			);
			productRefGroup = 2B30E99D2A1B14F700A2B402 /* Products */;
			projectDirPath = "";
			projectRoot = "";
			targets = (
				2B30E99B2A1B14F700A2B402 /* OrzNFC */,
				2B30E9BB2A1B175200A2B402 /* OrzNFCReader */,
			);
		};
/* End PBXProject section */

/* Begin PBXResourcesBuildPhase section */
		2B30E99A2A1B14F700A2B402 /* Resources */ = {
			isa = PBXResourcesBuildPhase;
			buildActionMask = 2147483647;
			files = (
				2B30E9A82A1B14F800A2B402 /* Preview Assets.xcassets in Resources */,
				2B30E9A42A1B14F800A2B402 /* Assets.xcassets in Resources */,
			);
			runOnlyForDeploymentPostprocessing = 0;
		};
/* End PBXResourcesBuildPhase section */

/* Begin PBXSourcesBuildPhase section */
		2B30E9982A1B14F700A2B402 /* Sources */ = {
			isa = PBXSourcesBuildPhase;
			buildActionMask = 2147483647;
			files = (
				2B7981862A20716100DF795A /* NFCAvailableView.swift in Sources */,
				2B30E9B52A1B171D00A2B402 /* OrzNFC+Tags.swift in Sources */,
				2B30E9B42A1B171D00A2B402 /* OrzNFC+NDEF.swift in Sources */,
				2B30E9B62A1B171D00A2B402 /* OrzNFC.swift in Sources */,
				2B7981802A206FA200DF795A /* NDEFView.swift in Sources */,
				2B30E9D22A1B2AAE00A2B402 /* AppModel.swift in Sources */,
				2B30E9B72A1B171D00A2B402 /* OrzNFC+Constants.swift in Sources */,
				2B30E9D02A1B28DE00A2B402 /* AppDelegate.swift in Sources */,
				2B7981842A2070BF00DF795A /* NFCUnavailableView.swift in Sources */,
				2B30E9A22A1B14F700A2B402 /* AppContent.swift in Sources */,
				2B7981822A206FAF00DF795A /* OtherTagView.swift in Sources */,
				2B30E9A02A1B14F700A2B402 /* App.swift in Sources */,
			);
			runOnlyForDeploymentPostprocessing = 0;
		};
		2B30E9B82A1B175200A2B402 /* Sources */ = {
			isa = PBXSourcesBuildPhase;
			buildActionMask = 2147483647;
			files = (
				2B30E9CB2A1B177B00A2B402 /* Data+Representation.swift in Sources */,
				2B30E9CA2A1B177B00A2B402 /* ACR122UA9.swift in Sources */,
				2B30E9C92A1B177B00A2B402 /* ACRError.swift in Sources */,
				2B30E9C82A1B177B00A2B402 /* OrzNFCReader.swift in Sources */,
			);
			runOnlyForDeploymentPostprocessing = 0;
		};
/* End PBXSourcesBuildPhase section */

/* Begin PBXTargetDependency section */
		2B7981892A20781E00DF795A /* PBXTargetDependency */ = {
			isa = PBXTargetDependency;
			productRef = 2B7981882A20781E00DF795A /* OrzSwiftLintBuildToolPlugin */;
		};
		2B79818C2A20791300DF795A /* PBXTargetDependency */ = {
			isa = PBXTargetDependency;
			productRef = 2B79818B2A20791300DF795A /* OrzSwiftLintBuildToolPlugin */;
		};
/* End PBXTargetDependency section */

/* Begin XCBuildConfiguration section */
		2B30E9A92A1B14F800A2B402 /* Debug */ = {
			isa = XCBuildConfiguration;
			buildSettings = {
				ALWAYS_SEARCH_USER_PATHS = NO;
				CLANG_ANALYZER_NONNULL = YES;
				CLANG_ANALYZER_NUMBER_OBJECT_CONVERSION = YES_AGGRESSIVE;
				CLANG_CXX_LANGUAGE_STANDARD = "gnu++20";
				CLANG_ENABLE_MODULES = YES;
				CLANG_ENABLE_OBJC_ARC = YES;
				CLANG_ENABLE_OBJC_WEAK = YES;
				CLANG_WARN_BLOCK_CAPTURE_AUTORELEASING = YES;
				CLANG_WARN_BOOL_CONVERSION = YES;
				CLANG_WARN_COMMA = YES;
				CLANG_WARN_CONSTANT_CONVERSION = YES;
				CLANG_WARN_DEPRECATED_OBJC_IMPLEMENTATIONS = YES;
				CLANG_WARN_DIRECT_OBJC_ISA_USAGE = YES_ERROR;
				CLANG_WARN_DOCUMENTATION_COMMENTS = YES;
				CLANG_WARN_EMPTY_BODY = YES;
				CLANG_WARN_ENUM_CONVERSION = YES;
				CLANG_WARN_INFINITE_RECURSION = YES;
				CLANG_WARN_INT_CONVERSION = YES;
				CLANG_WARN_NON_LITERAL_NULL_CONVERSION = YES;
				CLANG_WARN_OBJC_IMPLICIT_RETAIN_SELF = YES;
				CLANG_WARN_OBJC_LITERAL_CONVERSION = YES;
				CLANG_WARN_OBJC_ROOT_CLASS = YES_ERROR;
				CLANG_WARN_QUOTED_INCLUDE_IN_FRAMEWORK_HEADER = YES;
				CLANG_WARN_RANGE_LOOP_ANALYSIS = YES;
				CLANG_WARN_STRICT_PROTOTYPES = YES;
				CLANG_WARN_SUSPICIOUS_MOVE = YES;
				CLANG_WARN_UNGUARDED_AVAILABILITY = YES_AGGRESSIVE;
				CLANG_WARN_UNREACHABLE_CODE = YES;
				CLANG_WARN__DUPLICATE_METHOD_MATCH = YES;
				COPY_PHASE_STRIP = NO;
				DEAD_CODE_STRIPPING = YES;
				ENABLE_STRICT_OBJC_MSGSEND = YES;
				ENABLE_TESTABILITY = YES;
				GCC_C_LANGUAGE_STANDARD = gnu11;
				GCC_DYNAMIC_NO_PIC = NO;
				GCC_NO_COMMON_BLOCKS = YES;
				GCC_OPTIMIZATION_LEVEL = 0;
				GCC_PREPROCESSOR_DEFINITIONS = (
					"DEBUG=1",
					"$(inherited)",
				);
				GCC_WARN_64_TO_32_BIT_CONVERSION = YES;
				GCC_WARN_ABOUT_RETURN_TYPE = YES_ERROR;
				GCC_WARN_UNDECLARED_SELECTOR = YES;
				GCC_WARN_UNINITIALIZED_AUTOS = YES_AGGRESSIVE;
				GCC_WARN_UNUSED_FUNCTION = YES;
				GCC_WARN_UNUSED_VARIABLE = YES;
				GENERATE_INFOPLIST_FILE = YES;
				MTL_FAST_MATH = YES;
				ONLY_ACTIVE_ARCH = YES;
				SWIFT_ACTIVE_COMPILATION_CONDITIONS = DEBUG;
				SWIFT_OPTIMIZATION_LEVEL = "-Onone";
			};
			name = Debug;
		};
		2B30E9AA2A1B14F800A2B402 /* Release */ = {
			isa = XCBuildConfiguration;
			buildSettings = {
				ALWAYS_SEARCH_USER_PATHS = NO;
				CLANG_ANALYZER_NONNULL = YES;
				CLANG_ANALYZER_NUMBER_OBJECT_CONVERSION = YES_AGGRESSIVE;
				CLANG_CXX_LANGUAGE_STANDARD = "gnu++20";
				CLANG_ENABLE_MODULES = YES;
				CLANG_ENABLE_OBJC_ARC = YES;
				CLANG_ENABLE_OBJC_WEAK = YES;
				CLANG_WARN_BLOCK_CAPTURE_AUTORELEASING = YES;
				CLANG_WARN_BOOL_CONVERSION = YES;
				CLANG_WARN_COMMA = YES;
				CLANG_WARN_CONSTANT_CONVERSION = YES;
				CLANG_WARN_DEPRECATED_OBJC_IMPLEMENTATIONS = YES;
				CLANG_WARN_DIRECT_OBJC_ISA_USAGE = YES_ERROR;
				CLANG_WARN_DOCUMENTATION_COMMENTS = YES;
				CLANG_WARN_EMPTY_BODY = YES;
				CLANG_WARN_ENUM_CONVERSION = YES;
				CLANG_WARN_INFINITE_RECURSION = YES;
				CLANG_WARN_INT_CONVERSION = YES;
				CLANG_WARN_NON_LITERAL_NULL_CONVERSION = YES;
				CLANG_WARN_OBJC_IMPLICIT_RETAIN_SELF = YES;
				CLANG_WARN_OBJC_LITERAL_CONVERSION = YES;
				CLANG_WARN_OBJC_ROOT_CLASS = YES_ERROR;
				CLANG_WARN_QUOTED_INCLUDE_IN_FRAMEWORK_HEADER = YES;
				CLANG_WARN_RANGE_LOOP_ANALYSIS = YES;
				CLANG_WARN_STRICT_PROTOTYPES = YES;
				CLANG_WARN_SUSPICIOUS_MOVE = YES;
				CLANG_WARN_UNGUARDED_AVAILABILITY = YES_AGGRESSIVE;
				CLANG_WARN_UNREACHABLE_CODE = YES;
				CLANG_WARN__DUPLICATE_METHOD_MATCH = YES;
				COPY_PHASE_STRIP = NO;
				DEAD_CODE_STRIPPING = YES;
				ENABLE_NS_ASSERTIONS = NO;
				ENABLE_STRICT_OBJC_MSGSEND = YES;
				GCC_C_LANGUAGE_STANDARD = gnu11;
				GCC_NO_COMMON_BLOCKS = YES;
				GCC_WARN_64_TO_32_BIT_CONVERSION = YES;
				GCC_WARN_ABOUT_RETURN_TYPE = YES_ERROR;
				GCC_WARN_UNDECLARED_SELECTOR = YES;
				GCC_WARN_UNINITIALIZED_AUTOS = YES_AGGRESSIVE;
				GCC_WARN_UNUSED_FUNCTION = YES;
				GCC_WARN_UNUSED_VARIABLE = YES;
				GENERATE_INFOPLIST_FILE = YES;
				MTL_FAST_MATH = YES;
				SWIFT_COMPILATION_MODE = wholemodule;
				SWIFT_OPTIMIZATION_LEVEL = "-O";
			};
			name = Release;
		};
		2B30E9AC2A1B14F800A2B402 /* Debug */ = {
			isa = XCBuildConfiguration;
			buildSettings = {
				ASSETCATALOG_COMPILER_APPICON_NAME = AppIcon;
				ASSETCATALOG_COMPILER_GLOBAL_ACCENT_COLOR_NAME = AccentColor;
				CODE_SIGN_ENTITLEMENTS = OrzNFC/App/OrzNFC.entitlements;
				CODE_SIGN_STYLE = Automatic;
				CURRENT_PROJECT_VERSION = 1;
				DEAD_CODE_STRIPPING = YES;
				DEVELOPMENT_ASSET_PATHS = "\"OrzNFC/Preview Content\"";
				DEVELOPMENT_TEAM = 2N62934Y28;
				ENABLE_HARDENED_RUNTIME = YES;
				ENABLE_PREVIEWS = YES;
				INFOPLIST_KEY_NFCReaderUsageDescription = "Read Tags";
				INFOPLIST_KEY_UILaunchScreen_Generation = YES;
				INFOPLIST_KEY_UIRequiresFullScreen = NO;
				INFOPLIST_KEY_UIStatusBarStyle = "";
				INFOPLIST_KEY_UISupportedInterfaceOrientations_iPad = "UIInterfaceOrientationPortrait UIInterfaceOrientationPortraitUpsideDown UIInterfaceOrientationLandscapeLeft UIInterfaceOrientationLandscapeRight";
				INFOPLIST_KEY_UISupportedInterfaceOrientations_iPhone = "UIInterfaceOrientationPortrait UIInterfaceOrientationLandscapeLeft UIInterfaceOrientationLandscapeRight";
				IPHONEOS_DEPLOYMENT_TARGET = 16.0;
				LD_RUNPATH_SEARCH_PATHS = "@executable_path/Frameworks";
				"LD_RUNPATH_SEARCH_PATHS[sdk=macosx*]" = "@executable_path/../Frameworks";
				MACOSX_DEPLOYMENT_TARGET = 13.0;
				MARKETING_VERSION = 1.0;
				PRODUCT_BUNDLE_IDENTIFIER = com.joker.OrzNFC;
				PRODUCT_NAME = "$(TARGET_NAME)";
				SDKROOT = auto;
				SUPPORTED_PLATFORMS = "iphoneos iphonesimulator";
				SUPPORTS_MACCATALYST = NO;
				SUPPORTS_MAC_DESIGNED_FOR_IPHONE_IPAD = NO;
				SWIFT_EMIT_LOC_STRINGS = YES;
				SWIFT_VERSION = 5.0;
				TARGETED_DEVICE_FAMILY = "1,2";
			};
			name = Debug;
		};
		2B30E9AD2A1B14F800A2B402 /* Release */ = {
			isa = XCBuildConfiguration;
			buildSettings = {
				ASSETCATALOG_COMPILER_APPICON_NAME = AppIcon;
				ASSETCATALOG_COMPILER_GLOBAL_ACCENT_COLOR_NAME = AccentColor;
				CODE_SIGN_ENTITLEMENTS = OrzNFC/App/OrzNFC.entitlements;
				CODE_SIGN_STYLE = Automatic;
				CURRENT_PROJECT_VERSION = 1;
				DEAD_CODE_STRIPPING = YES;
				DEVELOPMENT_ASSET_PATHS = "\"OrzNFC/Preview Content\"";
				DEVELOPMENT_TEAM = 2N62934Y28;
				ENABLE_HARDENED_RUNTIME = YES;
				ENABLE_PREVIEWS = YES;
				INFOPLIST_KEY_NFCReaderUsageDescription = "Read Tags";
				INFOPLIST_KEY_UILaunchScreen_Generation = YES;
				INFOPLIST_KEY_UIRequiresFullScreen = NO;
				INFOPLIST_KEY_UIStatusBarStyle = "";
				INFOPLIST_KEY_UISupportedInterfaceOrientations_iPad = "UIInterfaceOrientationPortrait UIInterfaceOrientationPortraitUpsideDown UIInterfaceOrientationLandscapeLeft UIInterfaceOrientationLandscapeRight";
				INFOPLIST_KEY_UISupportedInterfaceOrientations_iPhone = "UIInterfaceOrientationPortrait UIInterfaceOrientationLandscapeLeft UIInterfaceOrientationLandscapeRight";
				IPHONEOS_DEPLOYMENT_TARGET = 16.0;
				LD_RUNPATH_SEARCH_PATHS = "@executable_path/Frameworks";
				"LD_RUNPATH_SEARCH_PATHS[sdk=macosx*]" = "@executable_path/../Frameworks";
				MACOSX_DEPLOYMENT_TARGET = 13.0;
				MARKETING_VERSION = 1.0;
				PRODUCT_BUNDLE_IDENTIFIER = com.joker.OrzNFC;
				PRODUCT_NAME = "$(TARGET_NAME)";
				SDKROOT = auto;
				SUPPORTED_PLATFORMS = "iphoneos iphonesimulator";
				SUPPORTS_MACCATALYST = NO;
				SUPPORTS_MAC_DESIGNED_FOR_IPHONE_IPAD = NO;
				SWIFT_EMIT_LOC_STRINGS = YES;
				SWIFT_VERSION = 5.0;
				TARGETED_DEVICE_FAMILY = "1,2";
			};
			name = Release;
		};
		2B30E9C12A1B175200A2B402 /* Debug */ = {
			isa = XCBuildConfiguration;
			buildSettings = {
				CODE_SIGN_ENTITLEMENTS = OrzNFCReader/App/OrzNFCReader.entitlements;
				"CODE_SIGN_IDENTITY[sdk=macosx*]" = "-";
				CODE_SIGN_STYLE = Automatic;
				DEAD_CODE_STRIPPING = YES;
				DEVELOPMENT_TEAM = 2N62934Y28;
				ENABLE_HARDENED_RUNTIME = YES;
				MACOSX_DEPLOYMENT_TARGET = 13.0;
				PRODUCT_NAME = "$(TARGET_NAME)";
				SDKROOT = macosx;
				SWIFT_VERSION = 5.0;
			};
			name = Debug;
		};
		2B30E9C22A1B175200A2B402 /* Release */ = {
			isa = XCBuildConfiguration;
			buildSettings = {
				CODE_SIGN_ENTITLEMENTS = OrzNFCReader/App/OrzNFCReader.entitlements;
				"CODE_SIGN_IDENTITY[sdk=macosx*]" = "-";
				CODE_SIGN_STYLE = Automatic;
				DEAD_CODE_STRIPPING = YES;
				DEVELOPMENT_TEAM = 2N62934Y28;
				ENABLE_HARDENED_RUNTIME = YES;
				MACOSX_DEPLOYMENT_TARGET = 13.0;
				PRODUCT_NAME = "$(TARGET_NAME)";
				SDKROOT = macosx;
				SWIFT_VERSION = 5.0;
			};
			name = Release;
		};
/* End XCBuildConfiguration section */

/* Begin XCConfigurationList section */
		2B30E9972A1B14F700A2B402 /* Build configuration list for PBXProject "OrzNFC" */ = {
			isa = XCConfigurationList;
			buildConfigurations = (
				2B30E9A92A1B14F800A2B402 /* Debug */,
				2B30E9AA2A1B14F800A2B402 /* Release */,
			);
			defaultConfigurationIsVisible = 0;
			defaultConfigurationName = Release;
		};
		2B30E9AB2A1B14F800A2B402 /* Build configuration list for PBXNativeTarget "OrzNFC" */ = {
			isa = XCConfigurationList;
			buildConfigurations = (
				2B30E9AC2A1B14F800A2B402 /* Debug */,
				2B30E9AD2A1B14F800A2B402 /* Release */,
			);
			defaultConfigurationIsVisible = 0;
			defaultConfigurationName = Release;
		};
		2B30E9C02A1B175200A2B402 /* Build configuration list for PBXNativeTarget "OrzNFCReader" */ = {
			isa = XCConfigurationList;
			buildConfigurations = (
				2B30E9C12A1B175200A2B402 /* Debug */,
				2B30E9C22A1B175200A2B402 /* Release */,
			);
			defaultConfigurationIsVisible = 0;
			defaultConfigurationName = Release;
		};
/* End XCConfigurationList section */

/* Begin XCRemoteSwiftPackageReference section */
		2B79817D2A205A9000DF795A /* XCRemoteSwiftPackageReference "OrzSwiftLint" */ = {
			isa = XCRemoteSwiftPackageReference;
			repositoryURL = "https://github.com/OrzGeeker/OrzSwiftLint.git";
			requirement = {
				branch = main;
				kind = branch;
			};
		};
/* End XCRemoteSwiftPackageReference section */

/* Begin XCSwiftPackageProductDependency section */
		2B7981882A20781E00DF795A /* OrzSwiftLintBuildToolPlugin */ = {
			isa = XCSwiftPackageProductDependency;
			package = 2B79817D2A205A9000DF795A /* XCRemoteSwiftPackageReference "OrzSwiftLint" */;
			productName = "plugin:OrzSwiftLintBuildToolPlugin";
		};
		2B79818B2A20791300DF795A /* OrzSwiftLintBuildToolPlugin */ = {
			isa = XCSwiftPackageProductDependency;
			package = 2B79817D2A205A9000DF795A /* XCRemoteSwiftPackageReference "OrzSwiftLint" */;
			productName = "plugin:OrzSwiftLintBuildToolPlugin";
		};
/* End XCSwiftPackageProductDependency section */
	};
	rootObject = 2B30E9942A1B14F700A2B402 /* Project object */;
}
