// !$*UTF8*$!
{
	archiveVersion = 1;
	classes = {
	};
	objectVersion = 50;
	objects = {

/* Begin PBXBuildFile section */
		F32C810822E3479200A9FE96 /* AppDelegate.swift in Sources */ = {isa = PBXBuildFile; fileRef = F32C810722E3479200A9FE96 /* AppDelegate.swift */; };
		F32C810A22E3479200A9FE96 /* SceneDelegate.swift in Sources */ = {isa = PBXBuildFile; fileRef = F32C810922E3479200A9FE96 /* SceneDelegate.swift */; };
		F32C810C22E3479200A9FE96 /* ContentView.swift in Sources */ = {isa = PBXBuildFile; fileRef = F32C810B22E3479200A9FE96 /* ContentView.swift */; };
		F32C810E22E3479600A9FE96 /* Assets.xcassets in Resources */ = {isa = PBXBuildFile; fileRef = F32C810D22E3479600A9FE96 /* Assets.xcassets */; };
		F32C811122E3479600A9FE96 /* Preview Assets.xcassets in Resources */ = {isa = PBXBuildFile; fileRef = F32C811022E3479600A9FE96 /* Preview Assets.xcassets */; };
		F32C811422E3479600A9FE96 /* LaunchScreen.storyboard in Resources */ = {isa = PBXBuildFile; fileRef = F32C811222E3479600A9FE96 /* LaunchScreen.storyboard */; };
		F32C811F22E3479600A9FE96 /* OrzNFCTests.swift in Sources */ = {isa = PBXBuildFile; fileRef = F32C811E22E3479600A9FE96 /* OrzNFCTests.swift */; };
		F32C812C22E355D000A9FE96 /* OrzNFC.swift in Sources */ = {isa = PBXBuildFile; fileRef = F32C812B22E355D000A9FE96 /* OrzNFC.swift */; };
		F32C812E22E35FEB00A9FE96 /* OrzNFC+Constants.swift in Sources */ = {isa = PBXBuildFile; fileRef = F32C812D22E35FEB00A9FE96 /* OrzNFC+Constants.swift */; };
		F3D0CF8222E4278A00A32F76 /* README.md in Resources */ = {isa = PBXBuildFile; fileRef = F3D0CF8122E4278A00A32F76 /* README.md */; };
		F3D0CF8422E43E1400A32F76 /* OrzNFC+NDEF.swift in Sources */ = {isa = PBXBuildFile; fileRef = F3D0CF8322E43E1400A32F76 /* OrzNFC+NDEF.swift */; };
		F3D0CF8622E43E3B00A32F76 /* OrzNFC+Tags.swift in Sources */ = {isa = PBXBuildFile; fileRef = F3D0CF8522E43E3B00A32F76 /* OrzNFC+Tags.swift */; };
		F3E6A44E287CA4680032018E /* OrzNFCReader.swift in Sources */ = {isa = PBXBuildFile; fileRef = F3E6A44D287CA4680032018E /* OrzNFCReader.swift */; };
		F3E6AE28287D82DD0032018E /* ACR122UA9.swift in Sources */ = {isa = PBXBuildFile; fileRef = F3E6AE27287D82DD0032018E /* ACR122UA9.swift */; };
		F3E6AE2A287D82FD0032018E /* Data+Representation.swift in Sources */ = {isa = PBXBuildFile; fileRef = F3E6AE29287D82FD0032018E /* Data+Representation.swift */; };
/* End PBXBuildFile section */

/* Begin PBXContainerItemProxy section */
		F32C811B22E3479600A9FE96 /* PBXContainerItemProxy */ = {
			isa = PBXContainerItemProxy;
			containerPortal = F32C80FC22E3479200A9FE96 /* Project object */;
			proxyType = 1;
			remoteGlobalIDString = F32C810322E3479200A9FE96;
			remoteInfo = OrzNFC;
		};
/* End PBXContainerItemProxy section */

/* Begin PBXCopyFilesBuildPhase section */
		F3E6A449287CA4680032018E /* CopyFiles */ = {
			isa = PBXCopyFilesBuildPhase;
			buildActionMask = 2147483647;
			dstPath = /usr/share/man/man1/;
			dstSubfolderSpec = 0;
			files = (
			);
			runOnlyForDeploymentPostprocessing = 1;
		};
/* End PBXCopyFilesBuildPhase section */

/* Begin PBXFileReference section */
		F32C810422E3479200A9FE96 /* OrzNFC.app */ = {isa = PBXFileReference; explicitFileType = wrapper.application; includeInIndex = 0; path = OrzNFC.app; sourceTree = BUILT_PRODUCTS_DIR; };
		F32C810722E3479200A9FE96 /* AppDelegate.swift */ = {isa = PBXFileReference; lastKnownFileType = sourcecode.swift; path = AppDelegate.swift; sourceTree = "<group>"; };
		F32C810922E3479200A9FE96 /* SceneDelegate.swift */ = {isa = PBXFileReference; lastKnownFileType = sourcecode.swift; path = SceneDelegate.swift; sourceTree = "<group>"; };
		F32C810B22E3479200A9FE96 /* ContentView.swift */ = {isa = PBXFileReference; lastKnownFileType = sourcecode.swift; path = ContentView.swift; sourceTree = "<group>"; };
		F32C810D22E3479600A9FE96 /* Assets.xcassets */ = {isa = PBXFileReference; lastKnownFileType = folder.assetcatalog; path = Assets.xcassets; sourceTree = "<group>"; };
		F32C811022E3479600A9FE96 /* Preview Assets.xcassets */ = {isa = PBXFileReference; lastKnownFileType = folder.assetcatalog; path = "Preview Assets.xcassets"; sourceTree = "<group>"; };
		F32C811322E3479600A9FE96 /* Base */ = {isa = PBXFileReference; lastKnownFileType = file.storyboard; name = Base; path = Base.lproj/LaunchScreen.storyboard; sourceTree = "<group>"; };
		F32C811522E3479600A9FE96 /* Info.plist */ = {isa = PBXFileReference; lastKnownFileType = text.plist.xml; path = Info.plist; sourceTree = "<group>"; };
		F32C811A22E3479600A9FE96 /* OrzNFCTests.xctest */ = {isa = PBXFileReference; explicitFileType = wrapper.cfbundle; includeInIndex = 0; path = OrzNFCTests.xctest; sourceTree = BUILT_PRODUCTS_DIR; };
		F32C811E22E3479600A9FE96 /* OrzNFCTests.swift */ = {isa = PBXFileReference; lastKnownFileType = sourcecode.swift; path = OrzNFCTests.swift; sourceTree = "<group>"; };
		F32C812022E3479600A9FE96 /* Info.plist */ = {isa = PBXFileReference; lastKnownFileType = text.plist.xml; path = Info.plist; sourceTree = "<group>"; };
		F32C812A22E34C2C00A9FE96 /* OrzNFC.entitlements */ = {isa = PBXFileReference; lastKnownFileType = text.plist.entitlements; path = OrzNFC.entitlements; sourceTree = "<group>"; };
		F32C812B22E355D000A9FE96 /* OrzNFC.swift */ = {isa = PBXFileReference; lastKnownFileType = sourcecode.swift; name = OrzNFC.swift; path = ../../../../../../System/Volumes/Data/Users/joker/Documents/OrzNFC/OrzNFC/CoreNFC/OrzNFC.swift; sourceTree = "<group>"; };
		F32C812D22E35FEB00A9FE96 /* OrzNFC+Constants.swift */ = {isa = PBXFileReference; lastKnownFileType = sourcecode.swift; name = "OrzNFC+Constants.swift"; path = "../../../../../../System/Volumes/Data/Users/joker/Documents/OrzNFC/OrzNFC/CoreNFC/OrzNFC+Constants.swift"; sourceTree = "<group>"; };
		F32C813022E360B600A9FE96 /* CoreNFC.framework */ = {isa = PBXFileReference; lastKnownFileType = wrapper.framework; name = CoreNFC.framework; path = System/Library/Frameworks/CoreNFC.framework; sourceTree = SDKROOT; };
		F3D0CF8122E4278A00A32F76 /* README.md */ = {isa = PBXFileReference; fileEncoding = 4; lastKnownFileType = net.daringfireball.markdown; name = README.md; path = ../../../../System/Volumes/Data/Users/joker/Documents/OrzNFC/README.md; sourceTree = "<group>"; };
		F3D0CF8322E43E1400A32F76 /* OrzNFC+NDEF.swift */ = {isa = PBXFileReference; lastKnownFileType = sourcecode.swift; name = "OrzNFC+NDEF.swift"; path = "../../../../../../System/Volumes/Data/Users/joker/Documents/OrzNFC/OrzNFC/CoreNFC/OrzNFC+NDEF.swift"; sourceTree = "<group>"; };
		F3D0CF8522E43E3B00A32F76 /* OrzNFC+Tags.swift */ = {isa = PBXFileReference; lastKnownFileType = sourcecode.swift; name = "OrzNFC+Tags.swift"; path = "../../../../../../System/Volumes/Data/Users/joker/Documents/OrzNFC/OrzNFC/CoreNFC/OrzNFC+Tags.swift"; sourceTree = "<group>"; };
		F3E6A44B287CA4680032018E /* OrzNFCReader */ = {isa = PBXFileReference; explicitFileType = "compiled.mach-o.executable"; includeInIndex = 0; path = OrzNFCReader; sourceTree = BUILT_PRODUCTS_DIR; };
		F3E6A44D287CA4680032018E /* OrzNFCReader.swift */ = {isa = PBXFileReference; lastKnownFileType = sourcecode.swift; path = OrzNFCReader.swift; sourceTree = "<group>"; };
		F3E6A452287CA67F0032018E /* OrzNFCReader.entitlements */ = {isa = PBXFileReference; lastKnownFileType = text.plist.entitlements; path = OrzNFCReader.entitlements; sourceTree = "<group>"; };
		F3E6A453287CA76C0032018E /* CryptoTokenKit.framework */ = {isa = PBXFileReference; lastKnownFileType = wrapper.framework; name = CryptoTokenKit.framework; path = Platforms/MacOSX.platform/Developer/SDKs/MacOSX12.3.sdk/System/Library/Frameworks/CryptoTokenKit.framework; sourceTree = DEVELOPER_DIR; };
		F3E6AE27287D82DD0032018E /* ACR122UA9.swift */ = {isa = PBXFileReference; lastKnownFileType = sourcecode.swift; path = ACR122UA9.swift; sourceTree = "<group>"; };
		F3E6AE29287D82FD0032018E /* Data+Representation.swift */ = {isa = PBXFileReference; lastKnownFileType = sourcecode.swift; path = "Data+Representation.swift"; sourceTree = "<group>"; };
/* End PBXFileReference section */

/* Begin PBXFrameworksBuildPhase section */
		F32C810122E3479200A9FE96 /* Frameworks */ = {
			isa = PBXFrameworksBuildPhase;
			buildActionMask = 2147483647;
			files = (
			);
			runOnlyForDeploymentPostprocessing = 0;
		};
		F32C811722E3479600A9FE96 /* Frameworks */ = {
			isa = PBXFrameworksBuildPhase;
			buildActionMask = 2147483647;
			files = (
			);
			runOnlyForDeploymentPostprocessing = 0;
		};
		F3E6A448287CA4680032018E /* Frameworks */ = {
			isa = PBXFrameworksBuildPhase;
			buildActionMask = 2147483647;
			files = (
			);
			runOnlyForDeploymentPostprocessing = 0;
		};
/* End PBXFrameworksBuildPhase section */

/* Begin PBXGroup section */
		F32C80FB22E3479200A9FE96 = {
			isa = PBXGroup;
			children = (
				F3D0CF8122E4278A00A32F76 /* README.md */,
				F32C810622E3479200A9FE96 /* OrzNFC */,
				F32C811D22E3479600A9FE96 /* OrzNFCTests */,
				F3E6A44C287CA4680032018E /* OrzNFCReader */,
				F32C810522E3479200A9FE96 /* Products */,
				F32C812F22E360B600A9FE96 /* Frameworks */,
			);
			sourceTree = "<group>";
		};
		F32C810522E3479200A9FE96 /* Products */ = {
			isa = PBXGroup;
			children = (
				F32C810422E3479200A9FE96 /* OrzNFC.app */,
				F32C811A22E3479600A9FE96 /* OrzNFCTests.xctest */,
				F3E6A44B287CA4680032018E /* OrzNFCReader */,
			);
			name = Products;
			sourceTree = "<group>";
		};
		F32C810622E3479200A9FE96 /* OrzNFC */ = {
			isa = PBXGroup;
			children = (
				F32C812A22E34C2C00A9FE96 /* OrzNFC.entitlements */,
				F32C812922E3487D00A9FE96 /* CoreNFC */,
				F32C810722E3479200A9FE96 /* AppDelegate.swift */,
				F32C810922E3479200A9FE96 /* SceneDelegate.swift */,
				F32C810B22E3479200A9FE96 /* ContentView.swift */,
				F32C810D22E3479600A9FE96 /* Assets.xcassets */,
				F32C811222E3479600A9FE96 /* LaunchScreen.storyboard */,
				F32C811522E3479600A9FE96 /* Info.plist */,
				F32C810F22E3479600A9FE96 /* Preview Content */,
			);
			path = OrzNFC;
			sourceTree = "<group>";
		};
		F32C810F22E3479600A9FE96 /* Preview Content */ = {
			isa = PBXGroup;
			children = (
				F32C811022E3479600A9FE96 /* Preview Assets.xcassets */,
			);
			path = "Preview Content";
			sourceTree = "<group>";
		};
		F32C811D22E3479600A9FE96 /* OrzNFCTests */ = {
			isa = PBXGroup;
			children = (
				F32C811E22E3479600A9FE96 /* OrzNFCTests.swift */,
				F32C812022E3479600A9FE96 /* Info.plist */,
			);
			path = OrzNFCTests;
			sourceTree = "<group>";
		};
		F32C812922E3487D00A9FE96 /* CoreNFC */ = {
			isa = PBXGroup;
			children = (
				F32C812B22E355D000A9FE96 /* OrzNFC.swift */,
				F3D0CF8522E43E3B00A32F76 /* OrzNFC+Tags.swift */,
				F3D0CF8322E43E1400A32F76 /* OrzNFC+NDEF.swift */,
				F32C812D22E35FEB00A9FE96 /* OrzNFC+Constants.swift */,
			);
			path = CoreNFC;
			sourceTree = "<group>";
		};
		F32C812F22E360B600A9FE96 /* Frameworks */ = {
			isa = PBXGroup;
			children = (
				F3E6A453287CA76C0032018E /* CryptoTokenKit.framework */,
				F32C813022E360B600A9FE96 /* CoreNFC.framework */,
			);
			name = Frameworks;
			sourceTree = "<group>";
		};
		F3E6A44C287CA4680032018E /* OrzNFCReader */ = {
			isa = PBXGroup;
			children = (
				F3E6A452287CA67F0032018E /* OrzNFCReader.entitlements */,
				F3E6A44D287CA4680032018E /* OrzNFCReader.swift */,
				F3E6AE27287D82DD0032018E /* ACR122UA9.swift */,
				F3E6AE29287D82FD0032018E /* Data+Representation.swift */,
			);
			path = OrzNFCReader;
			sourceTree = "<group>";
		};
/* End PBXGroup section */

/* Begin PBXNativeTarget section */
		F32C810322E3479200A9FE96 /* OrzNFC */ = {
			isa = PBXNativeTarget;
			buildConfigurationList = F32C812322E3479600A9FE96 /* Build configuration list for PBXNativeTarget "OrzNFC" */;
			buildPhases = (
				F32C810022E3479200A9FE96 /* Sources */,
				F32C810122E3479200A9FE96 /* Frameworks */,
				F32C810222E3479200A9FE96 /* Resources */,
			);
			buildRules = (
			);
			dependencies = (
			);
			name = OrzNFC;
			productName = OrzNFC;
			productReference = F32C810422E3479200A9FE96 /* OrzNFC.app */;
			productType = "com.apple.product-type.application";
		};
		F32C811922E3479600A9FE96 /* OrzNFCTests */ = {
			isa = PBXNativeTarget;
			buildConfigurationList = F32C812622E3479600A9FE96 /* Build configuration list for PBXNativeTarget "OrzNFCTests" */;
			buildPhases = (
				F32C811622E3479600A9FE96 /* Sources */,
				F32C811722E3479600A9FE96 /* Frameworks */,
				F32C811822E3479600A9FE96 /* Resources */,
			);
			buildRules = (
			);
			dependencies = (
				F32C811C22E3479600A9FE96 /* PBXTargetDependency */,
			);
			name = OrzNFCTests;
			productName = OrzNFCTests;
			productReference = F32C811A22E3479600A9FE96 /* OrzNFCTests.xctest */;
			productType = "com.apple.product-type.bundle.unit-test";
		};
		F3E6A44A287CA4680032018E /* OrzNFCReader */ = {
			isa = PBXNativeTarget;
			buildConfigurationList = F3E6A451287CA4680032018E /* Build configuration list for PBXNativeTarget "OrzNFCReader" */;
			buildPhases = (
				F3E6A447287CA4680032018E /* Sources */,
				F3E6A448287CA4680032018E /* Frameworks */,
				F3E6A449287CA4680032018E /* CopyFiles */,
			);
			buildRules = (
			);
			dependencies = (
			);
			name = OrzNFCReader;
			productName = OrzNFCReader;
			productReference = F3E6A44B287CA4680032018E /* OrzNFCReader */;
			productType = "com.apple.product-type.tool";
		};
/* End PBXNativeTarget section */

/* Begin PBXProject section */
		F32C80FC22E3479200A9FE96 /* Project object */ = {
			isa = PBXProject;
			attributes = {
				LastSwiftUpdateCheck = 1340;
				LastUpgradeCheck = 1100;
				ORGANIZATIONNAME = joker;
				TargetAttributes = {
					F32C810322E3479200A9FE96 = {
						CreatedOnToolsVersion = 11.0;
					};
					F32C811922E3479600A9FE96 = {
						CreatedOnToolsVersion = 11.0;
						TestTargetID = F32C810322E3479200A9FE96;
					};
					F3E6A44A287CA4680032018E = {
						CreatedOnToolsVersion = 13.4.1;
					};
				};
			};
			buildConfigurationList = F32C80FF22E3479200A9FE96 /* Build configuration list for PBXProject "OrzNFC" */;
			compatibilityVersion = "Xcode 9.3";
			developmentRegion = en;
			hasScannedForEncodings = 0;
			knownRegions = (
				en,
				Base,
			);
			mainGroup = F32C80FB22E3479200A9FE96;
			productRefGroup = F32C810522E3479200A9FE96 /* Products */;
			projectDirPath = "";
			projectRoot = "";
			targets = (
				F32C810322E3479200A9FE96 /* OrzNFC */,
				F32C811922E3479600A9FE96 /* OrzNFCTests */,
				F3E6A44A287CA4680032018E /* OrzNFCReader */,
			);
		};
/* End PBXProject section */

/* Begin PBXResourcesBuildPhase section */
		F32C810222E3479200A9FE96 /* Resources */ = {
			isa = PBXResourcesBuildPhase;
			buildActionMask = 2147483647;
			files = (
				F32C811422E3479600A9FE96 /* LaunchScreen.storyboard in Resources */,
				F32C811122E3479600A9FE96 /* Preview Assets.xcassets in Resources */,
				F3D0CF8222E4278A00A32F76 /* README.md in Resources */,
				F32C810E22E3479600A9FE96 /* Assets.xcassets in Resources */,
			);
			runOnlyForDeploymentPostprocessing = 0;
		};
		F32C811822E3479600A9FE96 /* Resources */ = {
			isa = PBXResourcesBuildPhase;
			buildActionMask = 2147483647;
			files = (
			);
			runOnlyForDeploymentPostprocessing = 0;
		};
/* End PBXResourcesBuildPhase section */

/* Begin PBXSourcesBuildPhase section */
		F32C810022E3479200A9FE96 /* Sources */ = {
			isa = PBXSourcesBuildPhase;
			buildActionMask = 2147483647;
			files = (
				F3D0CF8422E43E1400A32F76 /* OrzNFC+NDEF.swift in Sources */,
				F32C810822E3479200A9FE96 /* AppDelegate.swift in Sources */,
				F3D0CF8622E43E3B00A32F76 /* OrzNFC+Tags.swift in Sources */,
				F32C812E22E35FEB00A9FE96 /* OrzNFC+Constants.swift in Sources */,
				F32C812C22E355D000A9FE96 /* OrzNFC.swift in Sources */,
				F32C810A22E3479200A9FE96 /* SceneDelegate.swift in Sources */,
				F32C810C22E3479200A9FE96 /* ContentView.swift in Sources */,
			);
			runOnlyForDeploymentPostprocessing = 0;
		};
		F32C811622E3479600A9FE96 /* Sources */ = {
			isa = PBXSourcesBuildPhase;
			buildActionMask = 2147483647;
			files = (
				F32C811F22E3479600A9FE96 /* OrzNFCTests.swift in Sources */,
			);
			runOnlyForDeploymentPostprocessing = 0;
		};
		F3E6A447287CA4680032018E /* Sources */ = {
			isa = PBXSourcesBuildPhase;
			buildActionMask = 2147483647;
			files = (
				F3E6AE28287D82DD0032018E /* ACR122UA9.swift in Sources */,
				F3E6AE2A287D82FD0032018E /* Data+Representation.swift in Sources */,
				F3E6A44E287CA4680032018E /* OrzNFCReader.swift in Sources */,
			);
			runOnlyForDeploymentPostprocessing = 0;
		};
/* End PBXSourcesBuildPhase section */

/* Begin PBXTargetDependency section */
		F32C811C22E3479600A9FE96 /* PBXTargetDependency */ = {
			isa = PBXTargetDependency;
			target = F32C810322E3479200A9FE96 /* OrzNFC */;
			targetProxy = F32C811B22E3479600A9FE96 /* PBXContainerItemProxy */;
		};
/* End PBXTargetDependency section */

/* Begin PBXVariantGroup section */
		F32C811222E3479600A9FE96 /* LaunchScreen.storyboard */ = {
			isa = PBXVariantGroup;
			children = (
				F32C811322E3479600A9FE96 /* Base */,
			);
			name = LaunchScreen.storyboard;
			sourceTree = "<group>";
		};
/* End PBXVariantGroup section */

/* Begin XCBuildConfiguration section */
		F32C812122E3479600A9FE96 /* Debug */ = {
			isa = XCBuildConfiguration;
			buildSettings = {
				ALWAYS_SEARCH_USER_PATHS = NO;
				CLANG_ANALYZER_NONNULL = YES;
				CLANG_ANALYZER_NUMBER_OBJECT_CONVERSION = YES_AGGRESSIVE;
				CLANG_CXX_LANGUAGE_STANDARD = "gnu++14";
				CLANG_CXX_LIBRARY = "libc++";
				CLANG_ENABLE_MODULES = YES;
				CLANG_ENABLE_OBJC_ARC = YES;
				CLANG_ENABLE_OBJC_WEAK = YES;
				CLANG_WARN_BLOCK_CAPTURE_AUTORELEASING = YES;
				CLANG_WARN_BOOL_CONVERSION = YES;
				CLANG_WARN_COMMA = YES;
				CLANG_WARN_CONSTANT_CONVERSION = YES;
				CLANG_WARN_DEPRECATED_OBJC_IMPLEMENTATIONS = YES;
				CLANG_WARN_DIRECT_OBJC_ISA_USAGE = YES_ERROR;
				CLANG_WARN_DOCUMENTATION_COMMENTS = YES;
				CLANG_WARN_EMPTY_BODY = YES;
				CLANG_WARN_ENUM_CONVERSION = YES;
				CLANG_WARN_INFINITE_RECURSION = YES;
				CLANG_WARN_INT_CONVERSION = YES;
				CLANG_WARN_NON_LITERAL_NULL_CONVERSION = YES;
				CLANG_WARN_OBJC_IMPLICIT_RETAIN_SELF = YES;
				CLANG_WARN_OBJC_LITERAL_CONVERSION = YES;
				CLANG_WARN_OBJC_ROOT_CLASS = YES_ERROR;
				CLANG_WARN_RANGE_LOOP_ANALYSIS = YES;
				CLANG_WARN_STRICT_PROTOTYPES = YES;
				CLANG_WARN_SUSPICIOUS_MOVE = YES;
				CLANG_WARN_UNGUARDED_AVAILABILITY = YES_AGGRESSIVE;
				CLANG_WARN_UNREACHABLE_CODE = YES;
				CLANG_WARN__DUPLICATE_METHOD_MATCH = YES;
				COPY_PHASE_STRIP = NO;
				DEBUG_INFORMATION_FORMAT = dwarf;
				ENABLE_STRICT_OBJC_MSGSEND = YES;
				ENABLE_TESTABILITY = YES;
				GCC_C_LANGUAGE_STANDARD = gnu11;
				GCC_DYNAMIC_NO_PIC = NO;
				GCC_NO_COMMON_BLOCKS = YES;
				GCC_OPTIMIZATION_LEVEL = 0;
				GCC_PREPROCESSOR_DEFINITIONS = (
					"DEBUG=1",
					"$(inherited)",
				);
				GCC_WARN_64_TO_32_BIT_CONVERSION = YES;
				GCC_WARN_ABOUT_RETURN_TYPE = YES_ERROR;
				GCC_WARN_UNDECLARED_SELECTOR = YES;
				GCC_WARN_UNINITIALIZED_AUTOS = YES_AGGRESSIVE;
				GCC_WARN_UNUSED_FUNCTION = YES;
				GCC_WARN_UNUSED_VARIABLE = YES;
				IPHONEOS_DEPLOYMENT_TARGET = 13.0;
				MTL_ENABLE_DEBUG_INFO = INCLUDE_SOURCE;
				MTL_FAST_MATH = YES;
				ONLY_ACTIVE_ARCH = YES;
				SDKROOT = iphoneos;
				SWIFT_ACTIVE_COMPILATION_CONDITIONS = DEBUG;
				SWIFT_OPTIMIZATION_LEVEL = "-Onone";
			};
			name = Debug;
		};
		F32C812222E3479600A9FE96 /* Release */ = {
			isa = XCBuildConfiguration;
			buildSettings = {
				ALWAYS_SEARCH_USER_PATHS = NO;
				CLANG_ANALYZER_NONNULL = YES;
				CLANG_ANALYZER_NUMBER_OBJECT_CONVERSION = YES_AGGRESSIVE;
				CLANG_CXX_LANGUAGE_STANDARD = "gnu++14";
				CLANG_CXX_LIBRARY = "libc++";
				CLANG_ENABLE_MODULES = YES;
				CLANG_ENABLE_OBJC_ARC = YES;
				CLANG_ENABLE_OBJC_WEAK = YES;
				CLANG_WARN_BLOCK_CAPTURE_AUTORELEASING = YES;
				CLANG_WARN_BOOL_CONVERSION = YES;
				CLANG_WARN_COMMA = YES;
				CLANG_WARN_CONSTANT_CONVERSION = YES;
				CLANG_WARN_DEPRECATED_OBJC_IMPLEMENTATIONS = YES;
				CLANG_WARN_DIRECT_OBJC_ISA_USAGE = YES_ERROR;
				CLANG_WARN_DOCUMENTATION_COMMENTS = YES;
				CLANG_WARN_EMPTY_BODY = YES;
				CLANG_WARN_ENUM_CONVERSION = YES;
				CLANG_WARN_INFINITE_RECURSION = YES;
				CLANG_WARN_INT_CONVERSION = YES;
				CLANG_WARN_NON_LITERAL_NULL_CONVERSION = YES;
				CLANG_WARN_OBJC_IMPLICIT_RETAIN_SELF = YES;
				CLANG_WARN_OBJC_LITERAL_CONVERSION = YES;
				CLANG_WARN_OBJC_ROOT_CLASS = YES_ERROR;
				CLANG_WARN_RANGE_LOOP_ANALYSIS = YES;
				CLANG_WARN_STRICT_PROTOTYPES = YES;
				CLANG_WARN_SUSPICIOUS_MOVE = YES;
				CLANG_WARN_UNGUARDED_AVAILABILITY = YES_AGGRESSIVE;
				CLANG_WARN_UNREACHABLE_CODE = YES;
				CLANG_WARN__DUPLICATE_METHOD_MATCH = YES;
				COPY_PHASE_STRIP = NO;
				DEBUG_INFORMATION_FORMAT = "dwarf-with-dsym";
				ENABLE_NS_ASSERTIONS = NO;
				ENABLE_STRICT_OBJC_MSGSEND = YES;
				GCC_C_LANGUAGE_STANDARD = gnu11;
				GCC_NO_COMMON_BLOCKS = YES;
				GCC_WARN_64_TO_32_BIT_CONVERSION = YES;
				GCC_WARN_ABOUT_RETURN_TYPE = YES_ERROR;
				GCC_WARN_UNDECLARED_SELECTOR = YES;
				GCC_WARN_UNINITIALIZED_AUTOS = YES_AGGRESSIVE;
				GCC_WARN_UNUSED_FUNCTION = YES;
				GCC_WARN_UNUSED_VARIABLE = YES;
				IPHONEOS_DEPLOYMENT_TARGET = 13.0;
				MTL_ENABLE_DEBUG_INFO = NO;
				MTL_FAST_MATH = YES;
				SDKROOT = iphoneos;
				SWIFT_COMPILATION_MODE = wholemodule;
				SWIFT_OPTIMIZATION_LEVEL = "-O";
				VALIDATE_PRODUCT = YES;
			};
			name = Release;
		};
		F32C812422E3479600A9FE96 /* Debug */ = {
			isa = XCBuildConfiguration;
			buildSettings = {
				ASSETCATALOG_COMPILER_APPICON_NAME = AppIcon;
				CODE_SIGN_ENTITLEMENTS = OrzNFC/OrzNFC.entitlements;
				CODE_SIGN_STYLE = Automatic;
				DEVELOPMENT_ASSET_PATHS = "OrzNFC/Preview\\ Content";
				DEVELOPMENT_TEAM = 2N62934Y28;
				ENABLE_PREVIEWS = YES;
				INFOPLIST_FILE = OrzNFC/Info.plist;
				LD_RUNPATH_SEARCH_PATHS = (
					"$(inherited)",
					"@executable_path/Frameworks",
				);
				PRODUCT_BUNDLE_IDENTIFIER = com.joker.OrzNFC;
				PRODUCT_NAME = "$(TARGET_NAME)";
				SWIFT_VERSION = 5.0;
				TARGETED_DEVICE_FAMILY = 1;
			};
			name = Debug;
		};
		F32C812522E3479600A9FE96 /* Release */ = {
			isa = XCBuildConfiguration;
			buildSettings = {
				ASSETCATALOG_COMPILER_APPICON_NAME = AppIcon;
				CODE_SIGN_ENTITLEMENTS = OrzNFC/OrzNFC.entitlements;
				CODE_SIGN_STYLE = Automatic;
				DEVELOPMENT_ASSET_PATHS = "OrzNFC/Preview\\ Content";
				DEVELOPMENT_TEAM = 2N62934Y28;
				ENABLE_PREVIEWS = YES;
				INFOPLIST_FILE = OrzNFC/Info.plist;
				LD_RUNPATH_SEARCH_PATHS = (
					"$(inherited)",
					"@executable_path/Frameworks",
				);
				PRODUCT_BUNDLE_IDENTIFIER = com.joker.OrzNFC;
				PRODUCT_NAME = "$(TARGET_NAME)";
				SWIFT_VERSION = 5.0;
				TARGETED_DEVICE_FAMILY = 1;
			};
			name = Release;
		};
		F32C812722E3479600A9FE96 /* Debug */ = {
			isa = XCBuildConfiguration;
			buildSettings = {
				ALWAYS_EMBED_SWIFT_STANDARD_LIBRARIES = YES;
				BUNDLE_LOADER = "$(TEST_HOST)";
				CODE_SIGN_STYLE = Automatic;
				DEVELOPMENT_TEAM = 2N62934Y28;
				INFOPLIST_FILE = OrzNFCTests/Info.plist;
				LD_RUNPATH_SEARCH_PATHS = (
					"$(inherited)",
					"@executable_path/Frameworks",
					"@loader_path/Frameworks",
				);
				PRODUCT_BUNDLE_IDENTIFIER = com.joker.OrzNFCTests;
				PRODUCT_NAME = "$(TARGET_NAME)";
				SWIFT_VERSION = 5.0;
				TARGETED_DEVICE_FAMILY = "1,2";
				TEST_HOST = "$(BUILT_PRODUCTS_DIR)/OrzNFC.app/OrzNFC";
			};
			name = Debug;
		};
		F32C812822E3479600A9FE96 /* Release */ = {
			isa = XCBuildConfiguration;
			buildSettings = {
				ALWAYS_EMBED_SWIFT_STANDARD_LIBRARIES = YES;
				BUNDLE_LOADER = "$(TEST_HOST)";
				CODE_SIGN_STYLE = Automatic;
				DEVELOPMENT_TEAM = 2N62934Y28;
				INFOPLIST_FILE = OrzNFCTests/Info.plist;
				LD_RUNPATH_SEARCH_PATHS = (
					"$(inherited)",
					"@executable_path/Frameworks",
					"@loader_path/Frameworks",
				);
				PRODUCT_BUNDLE_IDENTIFIER = com.joker.OrzNFCTests;
				PRODUCT_NAME = "$(TARGET_NAME)";
				SWIFT_VERSION = 5.0;
				TARGETED_DEVICE_FAMILY = "1,2";
				TEST_HOST = "$(BUILT_PRODUCTS_DIR)/OrzNFC.app/OrzNFC";
			};
			name = Release;
		};
		F3E6A44F287CA4680032018E /* Debug */ = {
			isa = XCBuildConfiguration;
			buildSettings = {
				CLANG_CXX_LANGUAGE_STANDARD = "gnu++17";
				CLANG_WARN_QUOTED_INCLUDE_IN_FRAMEWORK_HEADER = YES;
				CODE_SIGN_ENTITLEMENTS = OrzNFCReader/OrzNFCReader.entitlements;
				CODE_SIGN_STYLE = Automatic;
				DEVELOPMENT_TEAM = 2N62934Y28;
				ENABLE_HARDENED_RUNTIME = NO;
				MACOSX_DEPLOYMENT_TARGET = 12.3;
				PRODUCT_NAME = "$(TARGET_NAME)";
				SDKROOT = macosx;
				SWIFT_VERSION = 5.0;
			};
			name = Debug;
		};
		F3E6A450287CA4680032018E /* Release */ = {
			isa = XCBuildConfiguration;
			buildSettings = {
				CLANG_CXX_LANGUAGE_STANDARD = "gnu++17";
				CLANG_WARN_QUOTED_INCLUDE_IN_FRAMEWORK_HEADER = YES;
				CODE_SIGN_ENTITLEMENTS = OrzNFCReader/OrzNFCReader.entitlements;
				CODE_SIGN_STYLE = Automatic;
				DEVELOPMENT_TEAM = 2N62934Y28;
				ENABLE_HARDENED_RUNTIME = NO;
				MACOSX_DEPLOYMENT_TARGET = 12.3;
				PRODUCT_NAME = "$(TARGET_NAME)";
				SDKROOT = macosx;
				SWIFT_VERSION = 5.0;
			};
			name = Release;
		};
/* End XCBuildConfiguration section */

/* Begin XCConfigurationList section */
		F32C80FF22E3479200A9FE96 /* Build configuration list for PBXProject "OrzNFC" */ = {
			isa = XCConfigurationList;
			buildConfigurations = (
				F32C812122E3479600A9FE96 /* Debug */,
				F32C812222E3479600A9FE96 /* Release */,
			);
			defaultConfigurationIsVisible = 0;
			defaultConfigurationName = Release;
		};
		F32C812322E3479600A9FE96 /* Build configuration list for PBXNativeTarget "OrzNFC" */ = {
			isa = XCConfigurationList;
			buildConfigurations = (
				F32C812422E3479600A9FE96 /* Debug */,
				F32C812522E3479600A9FE96 /* Release */,
			);
			defaultConfigurationIsVisible = 0;
			defaultConfigurationName = Release;
		};
		F32C812622E3479600A9FE96 /* Build configuration list for PBXNativeTarget "OrzNFCTests" */ = {
			isa = XCConfigurationList;
			buildConfigurations = (
				F32C812722E3479600A9FE96 /* Debug */,
				F32C812822E3479600A9FE96 /* Release */,
			);
			defaultConfigurationIsVisible = 0;
			defaultConfigurationName = Release;
		};
		F3E6A451287CA4680032018E /* Build configuration list for PBXNativeTarget "OrzNFCReader" */ = {
			isa = XCConfigurationList;
			buildConfigurations = (
				F3E6A44F287CA4680032018E /* Debug */,
				F3E6A450287CA4680032018E /* Release */,
			);
			defaultConfigurationIsVisible = 0;
			defaultConfigurationName = Release;
		};
/* End XCConfigurationList section */
	};
	rootObject = F32C80FC22E3479200A9FE96 /* Project object */;
}
